#MicroXplorer Configuration settings - do not modify
Mcu.Family=STM32L4
ProjectManager.MainLocation=Core/Src
PB13.GPIOParameters=GPIO_Label
PA15\ (JTDI).GPIOParameters=GPIO_Label
RCC.USART1Freq_Value=48000000
RCC.SAI1Freq_Value=27428571.42857143
RCC.CortexFreq_Value=48000000
ProjectManager.KeepUserCode=true
Mcu.UserName=STM32L452CEUx
SPI1.VirtualType=VM_MASTER
PH0-OSC_IN\ (PH0).Signal=GPXTI0
PH0-OSC_IN\ (PH0).Locked=true
PB14.GPIO_Label=BUT_A
RCC.PLLSAI1RoutputFreq_Value=48000000
ProjectManager.functionlistsort=1-SystemClock_Config-RCC-false-HAL-false
PA11.Mode=Device
PB0.GPIO_Label=SEG_D
PA6.GPIO_Label=SEG_B
RCC.USART2Freq_Value=48000000
PA15\ (JTDI).Signal=GPIO_Output
USART1.IPParameters=VirtualMode-Asynchronous
PC13.GPIO_Label=LED2
PB13.GPIO_Label=BUT_B
PB13.Signal=GPIO_Input
PB15.Signal=GPIO_Output
PA2.GPIOParameters=GPIO_Label
PinOutPanel.RotationAngle=0
RCC.MCO1PinFreq_Value=48000000
ProjectManager.StackSize=0x400
PC14-OSC32_IN\ (PC14).Mode=LSE-External-Clock-Source
RCC.I2C3Freq_Value=48000000
RCC.LPTIM1Freq_Value=48000000
Mcu.IP4=SPI1
RCC.FCLKCortexFreq_Value=48000000
Mcu.IP5=SYS
I2C1.IPParameters=Timing
Mcu.IP2=NVIC
NVIC.SVCall_IRQn=true\:0\:0\:false\:false\:true\:false\:false
Mcu.IP3=RCC
Mcu.IP0=ADC1
PA12.Locked=true
PA14\ (JTCK/SWCLK).Signal=SYS_JTCK-SWCLK
Mcu.IP1=I2C1
PA12.Signal=USB_DP
PC15-OSC32_OUT\ (PC15).GPIOParameters=GPIO_Label
Mcu.UserConstants=
SH.S_TIM16_CH1.ConfNb=1
RCC.VCOSAI1OutputFreq_Value=192000000
Mcu.ThirdPartyNb=0
SPI1.Direction=SPI_DIRECTION_2LINES
RCC.HCLKFreq_Value=48000000
RCC.I2C4Freq_Value=48000000
Mcu.IPNb=9
ProjectManager.PreviousToolchain=
RCC.APB2TimFreq_Value=48000000
PB6.Signal=I2C1_SCL
PB6.Mode=I2C
SPI1.CalculateBaudRate=24.0 MBits/s
PA8.GPIOParameters=GPIO_Label
Mcu.Pin6=PA1
Mcu.Pin7=PA2
Mcu.Pin8=PA5
Mcu.Pin9=PA6
RCC.AHBFreq_Value=48000000
PB13.Locked=true
Mcu.Pin0=PC13
Mcu.Pin1=PC14-OSC32_IN (PC14)
Mcu.Pin2=PC15-OSC32_OUT (PC15)
Mcu.Pin3=PH0-OSC_IN (PH0)
RCC.USART3Freq_Value=48000000
Mcu.Pin4=PH1-OSC_OUT (PH1)
Mcu.Pin5=PA0
ADC1.Channel-0\#ChannelRegularConversion=ADC_CHANNEL_5
ProjectManager.ProjectBuild=false
RCC.HSE_VALUE=8000000
NVIC.UsageFault_IRQn=true\:0\:0\:false\:false\:true\:false\:false
PA0.Locked=true
NVIC.DebugMonitor_IRQn=true\:0\:0\:false\:false\:true\:false\:false
PB2.Signal=GPIO_Output
PA8.Locked=true
NVIC.SysTick_IRQn=true\:0\:0\:false\:false\:true\:false\:true
PB12.GPIO_Label=SEG_G
ProjectManager.FirmwarePackage=STM32Cube FW_L4 V1.17.1
MxDb.Version=DB.6.0.20
PB0.GPIOParameters=GPIO_Label
ProjectManager.BackupPrevious=false
RCC.VCOInputFreq_Value=8000000
PB1.GPIO_Label=SEG_E
PB5.Mode=Full_Duplex_Master
SPI1.DataSize=SPI_DATASIZE_8BIT
File.Version=6
PB7.Signal=I2C1_SDA
PB8.Locked=true
PA8.Signal=GPIO_Output
RCC.PLLRCLKFreq_Value=160000000
PB6.Locked=true
NVIC.PendSV_IRQn=true\:0\:0\:false\:false\:true\:false\:false
SH.ADCx_IN6.ConfNb=1
PA13\ (JTMS/SWDIO).Locked=true
ProjectManager.HalAssertFull=false
PB0.Locked=true
ADC1.SamplingTime-0\#ChannelRegularConversion=ADC_SAMPLETIME_2CYCLES_5
ProjectManager.ProjectName=kultest
PA0.Signal=ADCx_IN5
PB4\ (NJTRST).Locked=true
Mcu.Package=UFQFPN48
PB9.Signal=GPIO_Output
PB1.Signal=GPIO_Output
PA6.Signal=GPIO_Output
PA7.Locked=true
PA5.Locked=true
ProjectManager.ToolChainLocation=
PA2.GPIO_Label=LR_RESET
PA14\ (JTCK/SWCLK).Locked=true
RCC.LSI_VALUE=32000
SH.GPXTI0.0=GPIO_EXTI0
VP_SYS_VS_Systick.Signal=SYS_VS_Systick
RCC.LSCOPinFreq_Value=32000
PA10.Signal=USART1_RX
RCC.DFSDMFreq_Value=48000000
PA5.GPIOParameters=GPIO_Label
PB14.GPIOParameters=GPIO_Label
PC14-OSC32_IN\ (PC14).Locked=true
RCC.PLLPoutputFreq_Value=45714285.71428572
RCC.APB1TimFreq_Value=48000000
NVIC.BusFault_IRQn=true\:0\:0\:false\:false\:true\:false\:false
RCC.LPUART1Freq_Value=48000000
RCC.CK48CLockSelection=RCC_USBCLKSOURCE_HSI48
SPI1.BaudRatePrescaler=SPI_BAUDRATEPRESCALER_2
ProjectManager.CustomerFirmwarePackage=
RCC.MSIClockRange=RCC_MSIRANGE_11
RCC.PLLSAI1R=RCC_PLLR_DIV4
RCC.HSI48_VALUE=48000000
PB15.Locked=true
RCC.PLLSAI1N=24
PH1-OSC_OUT\ (PH1).GPIO_Label=LR_NSS
PA2.Locked=true
PA6.GPIOParameters=GPIO_Label
RCC.MSI_VALUE=48000000
RCC.PLLQoutputFreq_Value=160000000
ProjectManager.ProjectFileName=kultest.ioc
PC15-OSC32_OUT\ (PC15).GPIO_Label=LR_BUSY
ADC1.Rank-0\#ChannelRegularConversion=1
PB9.GPIO_Label=LED1
PA10.Mode=Asynchronous
Mcu.PinsNb=35
ProjectManager.NoMain=false
SPI1.IPParameters=VirtualType,Mode,Direction,CalculateBaudRate,DataSize,BaudRatePrescaler
SH.ADCx_IN6.0=ADC1_IN6,IN6-Single-Ended
ADC1.IPParameters=Rank-0\#ChannelRegularConversion,Channel-0\#ChannelRegularConversion,SamplingTime-0\#ChannelRegularConversion,OffsetNumber-0\#ChannelRegularConversion,NbrOfConversionFlag,master
PC13.Locked=true
ADC1.OffsetNumber-0\#ChannelRegularConversion=ADC_OFFSET_NONE
PC13.Signal=GPIO_Output
SH.GPXTI0.ConfNb=1
ProjectManager.DefaultFWLocation=true
SH.S_TIM16_CH1.0=TIM16_CH1,PWM Generation1 CH1
PC15-OSC32_OUT\ (PC15).Signal=GPIO_Input
VP_TIM16_VS_ClockSourceINT.Mode=Enable_Timer
PB12.Locked=true
ProjectManager.DeletePrevious=true
PB14.Locked=true
TIM16.Channel=TIM_CHANNEL_1
RCC.FamilyName=M
PH1-OSC_OUT\ (PH1).Signal=GPIO_Output
PB9.GPIOParameters=GPIO_Label
USART1.VirtualMode-Asynchronous=VM_ASYNC
PA9.Mode=Asynchronous
PA8.GPIO_Label=DISP0
PH1-OSC_OUT\ (PH1).GPIOParameters=GPIO_Label
PB3\ (JTDO/TRACESWO).Locked=true
PB3\ (JTDO/TRACESWO).Signal=SPI1_SCK
ProjectManager.TargetToolchain=STM32CubeIDE
PB2.GPIOParameters=GPIO_Label
PA9.Signal=USART1_TX
I2C1.Timing=0x20303E5D
PB5.Locked=true
PB9.Locked=true
ProjectManager.RegisterCallBack=
PC15-OSC32_OUT\ (PC15).Locked=true
RCC.USBFreq_Value=48000000
RCC.LSE_VALUE=32768
PA1.Signal=ADCx_IN6
RCC.PLLSAI1PoutputFreq_Value=27428571.42857143
PB1.Locked=true
PB14.Signal=GPIO_Input
PA5.Signal=GPIO_Output
PH1-OSC_OUT\ (PH1).Locked=true
board=custom
RCC.VCOOutputFreq_Value=320000000
ProjectManager.LastFirmware=true
RCC.APB2Freq_Value=48000000
RCC.UART4Freq_Value=48000000
MxCube.Version=6.2.0
PB15.GPIO_Label=SEG_DP
RCC.I2C1Freq_Value=48000000
SPI1.Mode=SPI_MODE_MASTER
PC13.GPIOParameters=GPIO_Label
RCC.RNGFreq_Value=48000000
RCC.PLLSAI1QoutputFreq_Value=96000000
Mcu.Pin30=PB7
RCC.ADCFreq_Value=48000000
VP_SYS_VS_Systick.Mode=SysTick
Mcu.Pin33=VP_SYS_VS_Systick
Mcu.Pin34=VP_TIM16_VS_ClockSourceINT
Mcu.Pin31=PB8
Mcu.Pin32=PB9
PA9.Locked=true
VP_TIM16_VS_ClockSourceINT.Signal=TIM16_VS_ClockSourceINT
NVIC.NonMaskableInt_IRQn=true\:0\:0\:false\:false\:true\:false\:false
PB4\ (NJTRST).Mode=Full_Duplex_Master
PB15.GPIOParameters=GPIO_Label
ProjectManager.FreePins=false
PA15\ (JTDI).GPIO_Label=DISP1
RCC.IPParameters=ADCFreq_Value,AHBFreq_Value,APB1Freq_Value,APB1TimFreq_Value,APB2Freq_Value,APB2TimFreq_Value,CK48CLockSelection,CortexFreq_Value,DFSDMFreq_Value,FCLKCortexFreq_Value,FamilyName,HCLKFreq_Value,HSE_VALUE,HSI48_VALUE,HSI_VALUE,I2C1Freq_Value,I2C2Freq_Value,I2C3Freq_Value,I2C4Freq_Value,LPTIM1Freq_Value,LPTIM2Freq_Value,LPUART1Freq_Value,LSCOPinFreq_Value,LSE_VALUE,LSI_VALUE,MCO1PinFreq_Value,MSIClockRange,MSI_VALUE,PLLM,PLLN,PLLPoutputFreq_Value,PLLQoutputFreq_Value,PLLRCLKFreq_Value,PLLSAI1N,PLLSAI1PoutputFreq_Value,PLLSAI1QoutputFreq_Value,PLLSAI1R,PLLSAI1RoutputFreq_Value,PWRFreq_Value,RNGFreq_Value,SAI1Freq_Value,SYSCLKFreq_VALUE,UART4Freq_Value,USART1Freq_Value,USART2Freq_Value,USART3Freq_Value,USBFreq_Value,VCOInputFreq_Value,VCOOutputFreq_Value,VCOSAI1OutputFreq_Value
ProjectManager.AskForMigrate=true
Mcu.Name=STM32L452C(C-E)Ux
RCC.LPTIM2Freq_Value=48000000
Mcu.Pin26=PB3 (JTDO/TRACESWO)
Mcu.Pin27=PB4 (NJTRST)
PA2.Signal=GPIO_Output
Mcu.Pin24=PA14 (JTCK/SWCLK)
ProjectManager.UnderRoot=true
Mcu.Pin25=PA15 (JTDI)
PB2.Locked=true
Mcu.IP8=USB
Mcu.Pin28=PB5
Mcu.IP6=TIM16
Mcu.Pin29=PB6
Mcu.IP7=USART1
ProjectManager.CoupleFile=false
RCC.SYSCLKFreq_VALUE=48000000
PB5.Signal=SPI1_MOSI
Mcu.Pin22=PA12
Mcu.Pin23=PA13 (JTMS/SWDIO)
PA1.Locked=true
PA7.GPIO_Label=SEG_C
Mcu.Pin20=PA10
ADC1.master=1
Mcu.Pin21=PA11
PA12.Mode=Device
PA5.GPIO_Label=SEG_A
PA10.Locked=true
NVIC.ForceEnableDMAVector=true
KeepUserPlacement=false
PC14-OSC32_IN\ (PC14).Signal=RCC_OSC32_IN
NVIC.MemoryManagement_IRQn=true\:0\:0\:false\:false\:true\:false\:false
ProjectManager.CompilerOptimize=6
PB7.Mode=I2C
PA11.Signal=USB_DM
PB2.GPIO_Label=SEG_F
ProjectManager.HeapSize=0x200
Mcu.Pin15=PB13
NVIC.HardFault_IRQn=true\:0\:0\:false\:false\:true\:false\:false
Mcu.Pin16=PB14
Mcu.Pin13=PB2
Mcu.Pin14=PB12
Mcu.Pin19=PA9
ProjectManager.ComputerToolchain=false
Mcu.Pin17=PB15
RCC.HSI_VALUE=16000000
Mcu.Pin18=PA8
SH.ADCx_IN5.0=ADC1_IN5,IN5-Single-Ended
NVIC.PriorityGroup=NVIC_PRIORITYGROUP_4
ADC1.NbrOfConversionFlag=1
PH0-OSC_IN\ (PH0).GPIO_Label=LR_IRQ
Mcu.Pin11=PB0
Mcu.Pin12=PB1
RCC.PLLM=6
PB3\ (JTDO/TRACESWO).Mode=Full_Duplex_Master
RCC.PLLN=40
Mcu.Pin10=PA7
PB7.Locked=true
PB8.Signal=S_TIM16_CH1
RCC.PWRFreq_Value=48000000
SH.ADCx_IN5.ConfNb=1
TIM16.IPParameters=Channel
PA15\ (JTDI).Locked=true
RCC.I2C2Freq_Value=48000000
RCC.APB1Freq_Value=48000000
PB0.Signal=GPIO_Output
PA7.GPIOParameters=GPIO_Label
ProjectManager.DeviceId=STM32L452CEUx
PB12.GPIOParameters=GPIO_Label
PB12.Signal=GPIO_Output
ProjectManager.LibraryCopy=1
PA13\ (JTMS/SWDIO).Signal=SYS_JTMS-SWDIO
PB1.GPIOParameters=GPIO_Label
PA7.Signal=GPIO_Output
PH0-OSC_IN\ (PH0).GPIOParameters=GPIO_Label
PB4\ (NJTRST).Signal=SPI1_MISO
PA6.Locked=true
isbadioc=false
